Microsoft Visual Studio Solution File, Format Version 12.00
# Visual Studio 15
VisualStudioVersion = 15.0.27004.2005
MinimumVisualStudioVersion = 10.0.40219.1
Project("{FAE04EC0-301F-11D3-BF4B-00C04F79EFBC}") = "WindowsServiceTestConsole", "WindowsServiceTestConsole.csproj", "{A9C82358-4635-4FC5-BFFE-E9DDA55C4659}"
EndProject
Global
	GlobalSection(SolutionConfigurationPlatforms) = preSolution
		Debug|Any CPU = Debug|Any CPU
		Release|Any CPU = Release|Any CPU
	EndGlobalSection
	GlobalSection(ProjectConfigurationPlatforms) = postSolution
		{A9C82358-4635-4FC5-BFFE-E9DDA55C4659}.Debug|Any CPU.ActiveCfg = Debug|Any CPU
		{A9C82358-4635-4FC5-BFFE-E9DDA55C4659}.Debug|Any CPU.Build.0 = Debug|Any CPU
		{A9C82358-4635-4FC5-BFFE-E9DDA55C4659}.Release|Any CPU.ActiveCfg = Release|Any CPU
		{A9C82358-4635-4FC5-BFFE-E9DDA55C4659}.Release|Any CPU.Build.0 = Release|Any CPU
	EndGlobalSection
	GlobalSection(SolutionProperties) = preSolution
		HideSolutionNode = FALSE
	EndGlobalSection
	GlobalSection(ExtensibilityGlobals) = postSolution
		SolutionGuid = {525727E6-BE63-4AD1-BDB4-77C8689000D8}
	EndGlobalSection
EndGlobal
